
Microsoft Visual Studio Solution File, Format Version 12.00
# Visual Studio 2012
Project("{FAE04EC0-301F-11D3-BF4B-00C04F79EFBC}") = "JobStats", "JobStats\JobStats.csproj", "{BAB47A12-03F5-4EC5-B0AF-DF344B3B287D}"
EndProject
Project("{FAE04EC0-301F-11D3-BF4B-00C04F79EFBC}") = "JobStats.Service", "JobStats.Service\JobStats.Service.csproj", "{D21DED75-13A8-4D31-B626-4A9C1146AA06}"
EndProject
Global
	GlobalSection(SolutionConfigurationPlatforms) = preSolution
		Debug|Any CPU = Debug|Any CPU
		Release|Any CPU = Release|Any CPU
	EndGlobalSection
	GlobalSection(ProjectConfigurationPlatforms) = postSolution
		{BAB47A12-03F5-4EC5-B0AF-DF344B3B287D}.Debug|Any CPU.ActiveCfg = Debug|Any CPU
		{BAB47A12-03F5-4EC5-B0AF-DF344B3B287D}.Debug|Any CPU.Build.0 = Debug|Any CPU
		{BAB47A12-03F5-4EC5-B0AF-DF344B3B287D}.Release|Any CPU.ActiveCfg = Release|Any CPU
		{BAB47A12-03F5-4EC5-B0AF-DF344B3B287D}.Release|Any CPU.Build.0 = Release|Any CPU
		{D21DED75-13A8-4D31-B626-4A9C1146AA06}.Debug|Any CPU.ActiveCfg = Debug|Any CPU
		{D21DED75-13A8-4D31-B626-4A9C1146AA06}.Debug|Any CPU.Build.0 = Debug|Any CPU
		{D21DED75-13A8-4D31-B626-4A9C1146AA06}.Release|Any CPU.ActiveCfg = Release|Any CPU
		{D21DED75-13A8-4D31-B626-4A9C1146AA06}.Release|Any CPU.Build.0 = Release|Any CPU
	EndGlobalSection
	GlobalSection(SolutionProperties) = preSolution
		HideSolutionNode = FALSE
	EndGlobalSection
EndGlobal
